
Microsoft Visual Studio Solution File, Format Version 12.00
# Visual Studio Version 17
VisualStudioVersion = 17.11.35222.181
MinimumVisualStudioVersion = 10.0.40219.1
Project("{FAE04EC0-301F-11D3-BF4B-00C04F79EFBC}") = "StudentManagement", "StudentManagement\StudentManagement.csproj", "{EE15D999-24E7-415E-9561-DA42ED89AC47}"
EndProject
Global
	GlobalSection(SolutionConfigurationPlatforms) = preSolution
		Debug|Any CPU = Debug|Any CPU
		Release|Any CPU = Release|Any CPU
	EndGlobalSection
	GlobalSection(ProjectConfigurationPlatforms) = postSolution
		{EE15D999-24E7-415E-9561-DA42ED89AC47}.Debug|Any CPU.ActiveCfg = Debug|Any CPU
		{EE15D999-24E7-415E-9561-DA42ED89AC47}.Debug|Any CPU.Build.0 = Debug|Any CPU
		{EE15D999-24E7-415E-9561-DA42ED89AC47}.Release|Any CPU.ActiveCfg = Release|Any CPU
		{EE15D999-24E7-415E-9561-DA42ED89AC47}.Release|Any CPU.Build.0 = Release|Any CPU
	EndGlobalSection
	GlobalSection(SolutionProperties) = preSolution
		HideSolutionNode = FALSE
	EndGlobalSection
	GlobalSection(ExtensibilityGlobals) = postSolution
		SolutionGuid = {C8C50C89-7850-4B0E-972E-53AF823F2F56}
	EndGlobalSection
EndGlobal
